// !$*UTF8*$!
{
	archiveVersion = 1;
	classes = {
	};
	objectVersion = 48;
	objects = {

/* Begin PBXBuildFile section */
		FDF0BEC01F64D77500D09912 /* ObjectCollectionViewCell.swift in Sources */ = {isa = PBXBuildFile; fileRef = FDF0BEBF1F64D77500D09912 /* ObjectCollectionViewCell.swift */; };
		FDF0BEC21F64D9AF00D09912 /* ViewControllerCollectionViewExtensions.swift in Sources */ = {isa = PBXBuildFile; fileRef = FDF0BEC11F64D9AF00D09912 /* ViewControllerCollectionViewExtensions.swift */; };
		FDF0BEC51F65464400D09912 /* MessageManager.swift in Sources */ = {isa = PBXBuildFile; fileRef = FDF0BEC41F65464400D09912 /* MessageManager.swift */; };
		FDF0BEC71F654FA200D09912 /* VirtualObjectManager.swift in Sources */ = {isa = PBXBuildFile; fileRef = FDF0BEC61F654FA200D09912 /* VirtualObjectManager.swift */; };
		FDF0BEC91F6551D400D09912 /* VirtualObjectsInfo.json in Resources */ = {isa = PBXBuildFile; fileRef = FDF0BEC81F65519F00D09912 /* VirtualObjectsInfo.json */; };
		FDF0BECC1F65525B00D09912 /* VirtualObject.swift in Sources */ = {isa = PBXBuildFile; fileRef = FDF0BECB1F65525B00D09912 /* VirtualObject.swift */; };
		FDF0BECF1F65903C00D09912 /* Extensions.swift in Sources */ = {isa = PBXBuildFile; fileRef = FDF0BECE1F65903C00D09912 /* Extensions.swift */; };
		FDF0BEEF1F66141E00D09912 /* ARSCNViewExtensions.swift in Sources */ = {isa = PBXBuildFile; fileRef = FDF0BEEE1F66141E00D09912 /* ARSCNViewExtensions.swift */; };
		FDF0BEF41F6648A400D09912 /* Plane.swift in Sources */ = {isa = PBXBuildFile; fileRef = FDF0BEF31F6648A400D09912 /* Plane.swift */; };
		FDF0BEF71F665DD300D09912 /* Gesture.swift in Sources */ = {isa = PBXBuildFile; fileRef = FDF0BEF61F665DD300D09912 /* Gesture.swift */; };
		FDF0BEF91F665EA700D09912 /* SingleFingerGesture.swift in Sources */ = {isa = PBXBuildFile; fileRef = FDF0BEF81F665EA700D09912 /* SingleFingerGesture.swift */; };
		FDF0BEFB1F665EBA00D09912 /* TwoFingerGesture.swift in Sources */ = {isa = PBXBuildFile; fileRef = FDF0BEFA1F665EBA00D09912 /* TwoFingerGesture.swift */; };
		FDF0BEFD1F66665400D09912 /* CGPointExtensions.swift in Sources */ = {isa = PBXBuildFile; fileRef = FDF0BEFC1F66665400D09912 /* CGPointExtensions.swift */; };
		FDF0C0211F6390D70052B12A /* AppDelegate.swift in Sources */ = {isa = PBXBuildFile; fileRef = FDF0C0201F6390D70052B12A /* AppDelegate.swift */; };
		FDF0C0231F6390D70052B12A /* Models.scnassets in Resources */ = {isa = PBXBuildFile; fileRef = FDF0C0221F6390D70052B12A /* Models.scnassets */; };
		FDF0C0251F6390D70052B12A /* ViewController.swift in Sources */ = {isa = PBXBuildFile; fileRef = FDF0C0241F6390D70052B12A /* ViewController.swift */; };
		FDF0C0281F6390D70052B12A /* Main.storyboard in Resources */ = {isa = PBXBuildFile; fileRef = FDF0C0261F6390D70052B12A /* Main.storyboard */; };
		FDF0C02A1F6390D70052B12A /* Assets.xcassets in Resources */ = {isa = PBXBuildFile; fileRef = FDF0C0291F6390D70052B12A /* Assets.xcassets */; };
		FDF0C02D1F6390D70052B12A /* LaunchScreen.storyboard in Resources */ = {isa = PBXBuildFile; fileRef = FDF0C02B1F6390D70052B12A /* LaunchScreen.storyboard */; };
/* End PBXBuildFile section */

/* Begin PBXFileReference section */
		FDF0BEBF1F64D77500D09912 /* ObjectCollectionViewCell.swift */ = {isa = PBXFileReference; lastKnownFileType = sourcecode.swift; path = ObjectCollectionViewCell.swift; sourceTree = "<group>"; };
		FDF0BEC11F64D9AF00D09912 /* ViewControllerCollectionViewExtensions.swift */ = {isa = PBXFileReference; lastKnownFileType = sourcecode.swift; path = ViewControllerCollectionViewExtensions.swift; sourceTree = "<group>"; };
		FDF0BEC41F65464400D09912 /* MessageManager.swift */ = {isa = PBXFileReference; lastKnownFileType = sourcecode.swift; path = MessageManager.swift; sourceTree = "<group>"; };
		FDF0BEC61F654FA200D09912 /* VirtualObjectManager.swift */ = {isa = PBXFileReference; lastKnownFileType = sourcecode.swift; path = VirtualObjectManager.swift; sourceTree = "<group>"; };
		FDF0BEC81F65519F00D09912 /* VirtualObjectsInfo.json */ = {isa = PBXFileReference; lastKnownFileType = text.json; path = VirtualObjectsInfo.json; sourceTree = "<group>"; };
		FDF0BECB1F65525B00D09912 /* VirtualObject.swift */ = {isa = PBXFileReference; lastKnownFileType = sourcecode.swift; path = VirtualObject.swift; sourceTree = "<group>"; };
		FDF0BECE1F65903C00D09912 /* Extensions.swift */ = {isa = PBXFileReference; lastKnownFileType = sourcecode.swift; path = Extensions.swift; sourceTree = "<group>"; };
		FDF0BEEE1F66141E00D09912 /* ARSCNViewExtensions.swift */ = {isa = PBXFileReference; lastKnownFileType = sourcecode.swift; path = ARSCNViewExtensions.swift; sourceTree = "<group>"; };
		FDF0BEF31F6648A400D09912 /* Plane.swift */ = {isa = PBXFileReference; lastKnownFileType = sourcecode.swift; path = Plane.swift; sourceTree = "<group>"; };
		FDF0BEF61F665DD300D09912 /* Gesture.swift */ = {isa = PBXFileReference; lastKnownFileType = sourcecode.swift; path = Gesture.swift; sourceTree = "<group>"; };
		FDF0BEF81F665EA700D09912 /* SingleFingerGesture.swift */ = {isa = PBXFileReference; lastKnownFileType = sourcecode.swift; path = SingleFingerGesture.swift; sourceTree = "<group>"; };
		FDF0BEFA1F665EBA00D09912 /* TwoFingerGesture.swift */ = {isa = PBXFileReference; lastKnownFileType = sourcecode.swift; path = TwoFingerGesture.swift; sourceTree = "<group>"; };
		FDF0BEFC1F66665400D09912 /* CGPointExtensions.swift */ = {isa = PBXFileReference; lastKnownFileType = sourcecode.swift; path = CGPointExtensions.swift; sourceTree = "<group>"; };
		FDF0C01D1F6390D70052B12A /* ARKitDemo.app */ = {isa = PBXFileReference; explicitFileType = wrapper.application; includeInIndex = 0; path = ARKitDemo.app; sourceTree = BUILT_PRODUCTS_DIR; };
		FDF0C0201F6390D70052B12A /* AppDelegate.swift */ = {isa = PBXFileReference; lastKnownFileType = sourcecode.swift; path = AppDelegate.swift; sourceTree = "<group>"; };
		FDF0C0221F6390D70052B12A /* Models.scnassets */ = {isa = PBXFileReference; lastKnownFileType = wrapper.scnassets; path = Models.scnassets; sourceTree = "<group>"; };
		FDF0C0241F6390D70052B12A /* ViewController.swift */ = {isa = PBXFileReference; lastKnownFileType = sourcecode.swift; path = ViewController.swift; sourceTree = "<group>"; };
		FDF0C0271F6390D70052B12A /* Base */ = {isa = PBXFileReference; lastKnownFileType = file.storyboard; name = Base; path = Base.lproj/Main.storyboard; sourceTree = "<group>"; };
		FDF0C0291F6390D70052B12A /* Assets.xcassets */ = {isa = PBXFileReference; lastKnownFileType = folder.assetcatalog; path = Assets.xcassets; sourceTree = "<group>"; };
		FDF0C02C1F6390D70052B12A /* Base */ = {isa = PBXFileReference; lastKnownFileType = file.storyboard; name = Base; path = Base.lproj/LaunchScreen.storyboard; sourceTree = "<group>"; };
		FDF0C02E1F6390D70052B12A /* Info.plist */ = {isa = PBXFileReference; lastKnownFileType = text.plist.xml; path = Info.plist; sourceTree = "<group>"; };
/* End PBXFileReference section */

/* Begin PBXFrameworksBuildPhase section */
		FDF0C01A1F6390D70052B12A /* Frameworks */ = {
			isa = PBXFrameworksBuildPhase;
			buildActionMask = 2147483647;
			files = (
			);
			runOnlyForDeploymentPostprocessing = 0;
		};
/* End PBXFrameworksBuildPhase section */

/* Begin PBXGroup section */
		FDF0BEC31F65462900D09912 /* Managers */ = {
			isa = PBXGroup;
			children = (
				FDF0BEC41F65464400D09912 /* MessageManager.swift */,
				FDF0BEC61F654FA200D09912 /* VirtualObjectManager.swift */,
			);
			path = Managers;
			sourceTree = "<group>";
		};
		FDF0BECA1F65524000D09912 /* Models */ = {
			isa = PBXGroup;
			children = (
				FDF0BECB1F65525B00D09912 /* VirtualObject.swift */,
			);
			path = Models;
			sourceTree = "<group>";
		};
		FDF0BECD1F655D7D00D09912 /* Extensions */ = {
			isa = PBXGroup;
			children = (
				FDF0BECE1F65903C00D09912 /* Extensions.swift */,
				FDF0BEEE1F66141E00D09912 /* ARSCNViewExtensions.swift */,
				FDF0BEFC1F66665400D09912 /* CGPointExtensions.swift */,
			);
			path = Extensions;
			sourceTree = "<group>";
		};
		FDF0BEF01F663A3B00D09912 /* Placement Helper Shapes */ = {
			isa = PBXGroup;
			children = (
				FDF0BEF31F6648A400D09912 /* Plane.swift */,
			);
			path = "Placement Helper Shapes";
			sourceTree = "<group>";
		};
		FDF0BEF51F665C8600D09912 /* Gesture */ = {
			isa = PBXGroup;
			children = (
				FDF0BEF61F665DD300D09912 /* Gesture.swift */,
				FDF0BEF81F665EA700D09912 /* SingleFingerGesture.swift */,
				FDF0BEFA1F665EBA00D09912 /* TwoFingerGesture.swift */,
			);
			path = Gesture;
			sourceTree = "<group>";
		};
		FDF0C0141F6390D70052B12A = {
			isa = PBXGroup;
			children = (
				FDF0C01F1F6390D70052B12A /* ARKitDemo */,
				FDF0C01E1F6390D70052B12A /* Products */,
			);
			sourceTree = "<group>";
		};
		FDF0C01E1F6390D70052B12A /* Products */ = {
			isa = PBXGroup;
			children = (
				FDF0C01D1F6390D70052B12A /* ARKitDemo.app */,
			);
			name = Products;
			sourceTree = "<group>";
		};
		FDF0C01F1F6390D70052B12A /* ARKitDemo */ = {
			isa = PBXGroup;
			children = (
				FDF0BEF51F665C8600D09912 /* Gesture */,
				FDF0BEF01F663A3B00D09912 /* Placement Helper Shapes */,
				FDF0BECD1F655D7D00D09912 /* Extensions */,
				FDF0BECA1F65524000D09912 /* Models */,
				FDF0BEC31F65462900D09912 /* Managers */,
				FDF0C0201F6390D70052B12A /* AppDelegate.swift */,
				FDF0C0341F6390E90052B12A /* Views & Controllers */,
				FDF0C0361F6396E10052B12A /* Supporting Files */,
			);
			path = ARKitDemo;
			sourceTree = "<group>";
		};
		FDF0C0341F6390E90052B12A /* Views & Controllers */ = {
			isa = PBXGroup;
			children = (
				FDF0C0261F6390D70052B12A /* Main.storyboard */,
				FDF0C0241F6390D70052B12A /* ViewController.swift */,
				FDF0BEBF1F64D77500D09912 /* ObjectCollectionViewCell.swift */,
				FDF0BEC11F64D9AF00D09912 /* ViewControllerCollectionViewExtensions.swift */,
			);
			path = "Views & Controllers";
			sourceTree = "<group>";
		};
		FDF0C0361F6396E10052B12A /* Supporting Files */ = {
			isa = PBXGroup;
			children = (
				FDF0BEC81F65519F00D09912 /* VirtualObjectsInfo.json */,
				FDF0C02E1F6390D70052B12A /* Info.plist */,
				FDF0C02B1F6390D70052B12A /* LaunchScreen.storyboard */,
				FDF0C0291F6390D70052B12A /* Assets.xcassets */,
				FDF0C0221F6390D70052B12A /* Models.scnassets */,
			);
			name = "Supporting Files";
			sourceTree = "<group>";
		};
/* End PBXGroup section */

/* Begin PBXNativeTarget section */
		FDF0C01C1F6390D70052B12A /* ARKitDemo */ = {
			isa = PBXNativeTarget;
			buildConfigurationList = FDF0C0311F6390D80052B12A /* Build configuration list for PBXNativeTarget "ARKitDemo" */;
			buildPhases = (
				FDF0C0191F6390D70052B12A /* Sources */,
				FDF0C01A1F6390D70052B12A /* Frameworks */,
				FDF0C01B1F6390D70052B12A /* Resources */,
			);
			buildRules = (
			);
			dependencies = (
			);
			name = ARKitDemo;
			productName = ARKitDemo;
			productReference = FDF0C01D1F6390D70052B12A /* ARKitDemo.app */;
			productType = "com.apple.product-type.application";
		};
/* End PBXNativeTarget section */

/* Begin PBXProject section */
		FDF0C0151F6390D70052B12A /* Project object */ = {
			isa = PBXProject;
			attributes = {
				LastSwiftUpdateCheck = 0900;
				LastUpgradeCheck = 0900;
				ORGANIZATIONNAME = HackNCraft;
				TargetAttributes = {
					FDF0C01C1F6390D70052B12A = {
						CreatedOnToolsVersion = 9.0;
						ProvisioningStyle = Automatic;
					};
				};
			};
			buildConfigurationList = FDF0C0181F6390D70052B12A /* Build configuration list for PBXProject "ARKitDemo" */;
			compatibilityVersion = "Xcode 8.0";
			developmentRegion = en;
			hasScannedForEncodings = 0;
			knownRegions = (
				en,
				Base,
			);
			mainGroup = FDF0C0141F6390D70052B12A;
			productRefGroup = FDF0C01E1F6390D70052B12A /* Products */;
			projectDirPath = "";
			projectRoot = "";
			targets = (
				FDF0C01C1F6390D70052B12A /* ARKitDemo */,
			);
		};
/* End PBXProject section */

/* Begin PBXResourcesBuildPhase section */
		FDF0C01B1F6390D70052B12A /* Resources */ = {
			isa = PBXResourcesBuildPhase;
			buildActionMask = 2147483647;
			files = (
				FDF0BEC91F6551D400D09912 /* VirtualObjectsInfo.json in Resources */,
				FDF0C0231F6390D70052B12A /* Models.scnassets in Resources */,
				FDF0C02D1F6390D70052B12A /* LaunchScreen.storyboard in Resources */,
				FDF0C02A1F6390D70052B12A /* Assets.xcassets in Resources */,
				FDF0C0281F6390D70052B12A /* Main.storyboard in Resources */,
			);
			runOnlyForDeploymentPostprocessing = 0;
		};
/* End PBXResourcesBuildPhase section */

/* Begin PBXSourcesBuildPhase section */
		FDF0C0191F6390D70052B12A /* Sources */ = {
			isa = PBXSourcesBuildPhase;
			buildActionMask = 2147483647;
			files = (
				FDF0BEC01F64D77500D09912 /* ObjectCollectionViewCell.swift in Sources */,
				FDF0BEC21F64D9AF00D09912 /* ViewControllerCollectionViewExtensions.swift in Sources */,
				FDF0BEFB1F665EBA00D09912 /* TwoFingerGesture.swift in Sources */,
				FDF0BEC71F654FA200D09912 /* VirtualObjectManager.swift in Sources */,
				FDF0BECF1F65903C00D09912 /* Extensions.swift in Sources */,
				FDF0BEF91F665EA700D09912 /* SingleFingerGesture.swift in Sources */,
				FDF0BEC51F65464400D09912 /* MessageManager.swift in Sources */,
				FDF0C0251F6390D70052B12A /* ViewController.swift in Sources */,
				FDF0BECC1F65525B00D09912 /* VirtualObject.swift in Sources */,
				FDF0C0211F6390D70052B12A /* AppDelegate.swift in Sources */,
				FDF0BEFD1F66665400D09912 /* CGPointExtensions.swift in Sources */,
				FDF0BEEF1F66141E00D09912 /* ARSCNViewExtensions.swift in Sources */,
				FDF0BEF71F665DD300D09912 /* Gesture.swift in Sources */,
				FDF0BEF41F6648A400D09912 /* Plane.swift in Sources */,
			);
			runOnlyForDeploymentPostprocessing = 0;
		};
/* End PBXSourcesBuildPhase section */

/* Begin PBXVariantGroup section */
		FDF0C0261F6390D70052B12A /* Main.storyboard */ = {
			isa = PBXVariantGroup;
			children = (
				FDF0C0271F6390D70052B12A /* Base */,
			);
			name = Main.storyboard;
			sourceTree = "<group>";
		};
		FDF0C02B1F6390D70052B12A /* LaunchScreen.storyboard */ = {
			isa = PBXVariantGroup;
			children = (
				FDF0C02C1F6390D70052B12A /* Base */,
			);
			name = LaunchScreen.storyboard;
			sourceTree = "<group>";
		};
/* End PBXVariantGroup section */

/* Begin XCBuildConfiguration section */
		FDF0C02F1F6390D70052B12A /* Debug */ = {
			isa = XCBuildConfiguration;
			buildSettings = {
				ALWAYS_SEARCH_USER_PATHS = NO;
				CLANG_ANALYZER_NONNULL = YES;
				CLANG_ANALYZER_NUMBER_OBJECT_CONVERSION = YES_AGGRESSIVE;
				CLANG_CXX_LANGUAGE_STANDARD = "gnu++14";
				CLANG_CXX_LIBRARY = "libc++";
				CLANG_ENABLE_MODULES = YES;
				CLANG_ENABLE_OBJC_ARC = YES;
				CLANG_WARN_BLOCK_CAPTURE_AUTORELEASING = YES;
				CLANG_WARN_BOOL_CONVERSION = YES;
				CLANG_WARN_COMMA = YES;
				CLANG_WARN_CONSTANT_CONVERSION = YES;
				CLANG_WARN_DIRECT_OBJC_ISA_USAGE = YES_ERROR;
				CLANG_WARN_DOCUMENTATION_COMMENTS = YES;
				CLANG_WARN_EMPTY_BODY = YES;
				CLANG_WARN_ENUM_CONVERSION = YES;
				CLANG_WARN_INFINITE_RECURSION = YES;
				CLANG_WARN_INT_CONVERSION = YES;
				CLANG_WARN_NON_LITERAL_NULL_CONVERSION = YES;
				CLANG_WARN_OBJC_LITERAL_CONVERSION = YES;
				CLANG_WARN_OBJC_ROOT_CLASS = YES_ERROR;
				CLANG_WARN_RANGE_LOOP_ANALYSIS = YES;
				CLANG_WARN_STRICT_PROTOTYPES = YES;
				CLANG_WARN_SUSPICIOUS_MOVE = YES;
				CLANG_WARN_UNGUARDED_AVAILABILITY = YES_AGGRESSIVE;
				CLANG_WARN_UNREACHABLE_CODE = YES;
				CLANG_WARN__DUPLICATE_METHOD_MATCH = YES;
				CODE_SIGN_IDENTITY = "iPhone Developer";
				COPY_PHASE_STRIP = NO;
				DEBUG_INFORMATION_FORMAT = dwarf;
				ENABLE_STRICT_OBJC_MSGSEND = YES;
				ENABLE_TESTABILITY = YES;
				GCC_C_LANGUAGE_STANDARD = gnu11;
				GCC_DYNAMIC_NO_PIC = NO;
				GCC_NO_COMMON_BLOCKS = YES;
				GCC_OPTIMIZATION_LEVEL = 0;
				GCC_PREPROCESSOR_DEFINITIONS = (
					"DEBUG=1",
					"$(inherited)",
				);
				GCC_WARN_64_TO_32_BIT_CONVERSION = YES;
				GCC_WARN_ABOUT_RETURN_TYPE = YES_ERROR;
				GCC_WARN_UNDECLARED_SELECTOR = YES;
				GCC_WARN_UNINITIALIZED_AUTOS = YES_AGGRESSIVE;
				GCC_WARN_UNUSED_FUNCTION = YES;
				GCC_WARN_UNUSED_VARIABLE = YES;
				IPHONEOS_DEPLOYMENT_TARGET = 11.0;
				MTL_ENABLE_DEBUG_INFO = YES;
				ONLY_ACTIVE_ARCH = YES;
				SDKROOT = iphoneos;
				SWIFT_ACTIVE_COMPILATION_CONDITIONS = DEBUG;
				SWIFT_OPTIMIZATION_LEVEL = "-Onone";
			};
			name = Debug;
		};
		FDF0C0301F6390D70052B12A /* Release */ = {
			isa = XCBuildConfiguration;
			buildSettings = {
				ALWAYS_SEARCH_USER_PATHS = NO;
				CLANG_ANALYZER_NONNULL = YES;
				CLANG_ANALYZER_NUMBER_OBJECT_CONVERSION = YES_AGGRESSIVE;
				CLANG_CXX_LANGUAGE_STANDARD = "gnu++14";
				CLANG_CXX_LIBRARY = "libc++";
				CLANG_ENABLE_MODULES = YES;
				CLANG_ENABLE_OBJC_ARC = YES;
				CLANG_WARN_BLOCK_CAPTURE_AUTORELEASING = YES;
				CLANG_WARN_BOOL_CONVERSION = YES;
				CLANG_WARN_COMMA = YES;
				CLANG_WARN_CONSTANT_CONVERSION = YES;
				CLANG_WARN_DIRECT_OBJC_ISA_USAGE = YES_ERROR;
				CLANG_WARN_DOCUMENTATION_COMMENTS = YES;
				CLANG_WARN_EMPTY_BODY = YES;
				CLANG_WARN_ENUM_CONVERSION = YES;
				CLANG_WARN_INFINITE_RECURSION = YES;
				CLANG_WARN_INT_CONVERSION = YES;
				CLANG_WARN_NON_LITERAL_NULL_CONVERSION = YES;
				CLANG_WARN_OBJC_LITERAL_CONVERSION = YES;
				CLANG_WARN_OBJC_ROOT_CLASS = YES_ERROR;
				CLANG_WARN_RANGE_LOOP_ANALYSIS = YES;
				CLANG_WARN_STRICT_PROTOTYPES = YES;
				CLANG_WARN_SUSPICIOUS_MOVE = YES;
				CLANG_WARN_UNGUARDED_AVAILABILITY = YES_AGGRESSIVE;
				CLANG_WARN_UNREACHABLE_CODE = YES;
				CLANG_WARN__DUPLICATE_METHOD_MATCH = YES;
				CODE_SIGN_IDENTITY = "iPhone Developer";
				COPY_PHASE_STRIP = NO;
				DEBUG_INFORMATION_FORMAT = "dwarf-with-dsym";
				ENABLE_NS_ASSERTIONS = NO;
				ENABLE_STRICT_OBJC_MSGSEND = YES;
				GCC_C_LANGUAGE_STANDARD = gnu11;
				GCC_NO_COMMON_BLOCKS = YES;
				GCC_WARN_64_TO_32_BIT_CONVERSION = YES;
				GCC_WARN_ABOUT_RETURN_TYPE = YES_ERROR;
				GCC_WARN_UNDECLARED_SELECTOR = YES;
				GCC_WARN_UNINITIALIZED_AUTOS = YES_AGGRESSIVE;
				GCC_WARN_UNUSED_FUNCTION = YES;
				GCC_WARN_UNUSED_VARIABLE = YES;
				IPHONEOS_DEPLOYMENT_TARGET = 11.0;
				MTL_ENABLE_DEBUG_INFO = NO;
				SDKROOT = iphoneos;
				SWIFT_OPTIMIZATION_LEVEL = "-Owholemodule";
				VALIDATE_PRODUCT = YES;
			};
			name = Release;
		};
		FDF0C0321F6390D80052B12A /* Debug */ = {
			isa = XCBuildConfiguration;
			buildSettings = {
				ASSETCATALOG_COMPILER_APPICON_NAME = AppIcon;
				CODE_SIGN_STYLE = Automatic;
				DEVELOPMENT_TEAM = PDS2N83HDN;
				INFOPLIST_FILE = ARKitDemo/Info.plist;
				LD_RUNPATH_SEARCH_PATHS = "$(inherited) @executable_path/Frameworks";
				PRODUCT_BUNDLE_IDENTIFIER = com.hacknocraft.ARKitDemo;
				PRODUCT_NAME = "$(TARGET_NAME)";
				SWIFT_VERSION = 4.0;
				TARGETED_DEVICE_FAMILY = "1,2";
			};
			name = Debug;
		};
		FDF0C0331F6390D80052B12A /* Release */ = {
			isa = XCBuildConfiguration;
			buildSettings = {
				ASSETCATALOG_COMPILER_APPICON_NAME = AppIcon;
				CODE_SIGN_STYLE = Automatic;
				DEVELOPMENT_TEAM = PDS2N83HDN;
				INFOPLIST_FILE = ARKitDemo/Info.plist;
				LD_RUNPATH_SEARCH_PATHS = "$(inherited) @executable_path/Frameworks";
				PRODUCT_BUNDLE_IDENTIFIER = com.hacknocraft.ARKitDemo;
				PRODUCT_NAME = "$(TARGET_NAME)";
				SWIFT_VERSION = 4.0;
				TARGETED_DEVICE_FAMILY = "1,2";
			};
			name = Release;
		};
/* End XCBuildConfiguration section */

/* Begin XCConfigurationList section */
		FDF0C0181F6390D70052B12A /* Build configuration list for PBXProject "ARKitDemo" */ = {
			isa = XCConfigurationList;
			buildConfigurations = (
				FDF0C02F1F6390D70052B12A /* Debug */,
				FDF0C0301F6390D70052B12A /* Release */,
			);
			defaultConfigurationIsVisible = 0;
			defaultConfigurationName = Release;
		};
		FDF0C0311F6390D80052B12A /* Build configuration list for PBXNativeTarget "ARKitDemo" */ = {
			isa = XCConfigurationList;
			buildConfigurations = (
				FDF0C0321F6390D80052B12A /* Debug */,
				FDF0C0331F6390D80052B12A /* Release */,
			);
			defaultConfigurationIsVisible = 0;
			defaultConfigurationName = Release;
		};
/* End XCConfigurationList section */
	};
	rootObject = FDF0C0151F6390D70052B12A /* Project object */;
}
